
Microsoft Visual Studio Solution File, Format Version 12.00
# Visual Studio Version 16
VisualStudioVersion = 16.0.31112.23
MinimumVisualStudioVersion = 10.0.40219.1
Project("{FAE04EC0-301F-11D3-BF4B-00C04F79EFBC}") = "MazeGame", "MazeGame\MazeGame.csproj", "{F36338E9-6C6D-4869-AB69-0EB51AE8E1B2}"
EndProject
Global
	GlobalSection(SolutionConfigurationPlatforms) = preSolution
		Debug|Any CPU = Debug|Any CPU
		Release|Any CPU = Release|Any CPU
	EndGlobalSection
	GlobalSection(ProjectConfigurationPlatforms) = postSolution
		{F36338E9-6C6D-4869-AB69-0EB51AE8E1B2}.Debug|Any CPU.ActiveCfg = Debug|Any CPU
		{F36338E9-6C6D-4869-AB69-0EB51AE8E1B2}.Debug|Any CPU.Build.0 = Debug|Any CPU
		{F36338E9-6C6D-4869-AB69-0EB51AE8E1B2}.Release|Any CPU.ActiveCfg = Release|Any CPU
		{F36338E9-6C6D-4869-AB69-0EB51AE8E1B2}.Release|Any CPU.Build.0 = Release|Any CPU
	EndGlobalSection
	GlobalSection(SolutionProperties) = preSolution
		HideSolutionNode = FALSE
	EndGlobalSection
	GlobalSection(ExtensibilityGlobals) = postSolution
		SolutionGuid = {F83C7908-D03F-4C04-BBCF-EA9D3EA4DD49}
	EndGlobalSection
EndGlobal
